
Microsoft Visual Studio Solution File, Format Version 12.00
# Visual Studio 15
VisualStudioVersion = 15.0.28010.2003
MinimumVisualStudioVersion = 10.0.40219.1
Project("{FAE04EC0-301F-11D3-BF4B-00C04F79EFBC}") = "GCIdentity", "GCIdentity\GCIdentity.csproj", "{913B0CF6-C265-4FDF-BDC6-829B4BB9F478}"
EndProject
Global
	GlobalSection(SolutionConfigurationPlatforms) = preSolution
		Debug|Any CPU = Debug|Any CPU
		Release|Any CPU = Release|Any CPU
	EndGlobalSection
	GlobalSection(ProjectConfigurationPlatforms) = postSolution
		{913B0CF6-C265-4FDF-BDC6-829B4BB9F478}.Debug|Any CPU.ActiveCfg = Debug|Any CPU
		{913B0CF6-C265-4FDF-BDC6-829B4BB9F478}.Debug|Any CPU.Build.0 = Debug|Any CPU
		{913B0CF6-C265-4FDF-BDC6-829B4BB9F478}.Release|Any CPU.ActiveCfg = Release|Any CPU
		{913B0CF6-C265-4FDF-BDC6-829B4BB9F478}.Release|Any CPU.Build.0 = Release|Any CPU
	EndGlobalSection
	GlobalSection(SolutionProperties) = preSolution
		HideSolutionNode = FALSE
	EndGlobalSection
	GlobalSection(ExtensibilityGlobals) = postSolution
		SolutionGuid = {F55BAB7A-3F63-419A-8CD4-062AA202F5FE}
	EndGlobalSection
EndGlobal
